
Microsoft Visual Studio Solution File, Format Version 12.00
# Visual Studio 15
VisualStudioVersion = 15.0.26228.4
MinimumVisualStudioVersion = 10.0.40219.1
Project("{8BC9CEB8-8B4A-11D0-8D11-00A0C91BC942}") = "test_code", "test_code\test_code.vcxproj", "{3723A7CD-B20F-4264-8CA6-159541216AED}"
EndProject
Project("{FAE04EC0-301F-11D3-BF4B-00C04F79EFBC}") = "SimpleInjector", "SimpleInjector\SimpleInjector.csproj", "{3EB68BE8-3631-4509-9042-E28DB0CF07F7}"
EndProject
Project("{FAE04EC0-301F-11D3-BF4B-00C04F79EFBC}") = "InjectorAPI", "InjectorAPI\InjectorAPI.csproj", "{94633A12-1B1D-4110-8BBD-63491A1C7806}"
EndProject
Global
	GlobalSection(SolutionConfigurationPlatforms) = preSolution
		Debug|Any CPU = Debug|Any CPU
		Debug|x64 = Debug|x64
		Debug|x86 = Debug|x86
		Release|Any CPU = Release|Any CPU
		Release|x64 = Release|x64
		Release|x86 = Release|x86
	EndGlobalSection
	GlobalSection(ProjectConfigurationPlatforms) = postSolution
		{3723A7CD-B20F-4264-8CA6-159541216AED}.Debug|Any CPU.ActiveCfg = Debug|Win32
		{3723A7CD-B20F-4264-8CA6-159541216AED}.Debug|x64.ActiveCfg = Debug|x64
		{3723A7CD-B20F-4264-8CA6-159541216AED}.Debug|x64.Build.0 = Debug|x64
		{3723A7CD-B20F-4264-8CA6-159541216AED}.Debug|x86.ActiveCfg = Debug|Win32
		{3723A7CD-B20F-4264-8CA6-159541216AED}.Debug|x86.Build.0 = Debug|Win32
		{3723A7CD-B20F-4264-8CA6-159541216AED}.Release|Any CPU.ActiveCfg = Release|Win32
		{3723A7CD-B20F-4264-8CA6-159541216AED}.Release|x64.ActiveCfg = Release|x64
		{3723A7CD-B20F-4264-8CA6-159541216AED}.Release|x64.Build.0 = Release|x64
		{3723A7CD-B20F-4264-8CA6-159541216AED}.Release|x86.ActiveCfg = Release|Win32
		{3723A7CD-B20F-4264-8CA6-159541216AED}.Release|x86.Build.0 = Release|Win32
		{3EB68BE8-3631-4509-9042-E28DB0CF07F7}.Debug|Any CPU.ActiveCfg = Debug|Any CPU
		{3EB68BE8-3631-4509-9042-E28DB0CF07F7}.Debug|Any CPU.Build.0 = Debug|Any CPU
		{3EB68BE8-3631-4509-9042-E28DB0CF07F7}.Debug|x64.ActiveCfg = Debug|Any CPU
		{3EB68BE8-3631-4509-9042-E28DB0CF07F7}.Debug|x64.Build.0 = Debug|Any CPU
		{3EB68BE8-3631-4509-9042-E28DB0CF07F7}.Debug|x86.ActiveCfg = Debug|Any CPU
		{3EB68BE8-3631-4509-9042-E28DB0CF07F7}.Debug|x86.Build.0 = Debug|Any CPU
		{3EB68BE8-3631-4509-9042-E28DB0CF07F7}.Release|Any CPU.ActiveCfg = Release|Any CPU
		{3EB68BE8-3631-4509-9042-E28DB0CF07F7}.Release|Any CPU.Build.0 = Release|Any CPU
		{3EB68BE8-3631-4509-9042-E28DB0CF07F7}.Release|x64.ActiveCfg = Release|Any CPU
		{3EB68BE8-3631-4509-9042-E28DB0CF07F7}.Release|x64.Build.0 = Release|Any CPU
		{3EB68BE8-3631-4509-9042-E28DB0CF07F7}.Release|x86.ActiveCfg = Release|Any CPU
		{3EB68BE8-3631-4509-9042-E28DB0CF07F7}.Release|x86.Build.0 = Release|Any CPU
		{94633A12-1B1D-4110-8BBD-63491A1C7806}.Debug|Any CPU.ActiveCfg = Debug|Any CPU
		{94633A12-1B1D-4110-8BBD-63491A1C7806}.Debug|Any CPU.Build.0 = Debug|Any CPU
		{94633A12-1B1D-4110-8BBD-63491A1C7806}.Debug|x64.ActiveCfg = Debug|Any CPU
		{94633A12-1B1D-4110-8BBD-63491A1C7806}.Debug|x64.Build.0 = Debug|Any CPU
		{94633A12-1B1D-4110-8BBD-63491A1C7806}.Debug|x86.ActiveCfg = Debug|Any CPU
		{94633A12-1B1D-4110-8BBD-63491A1C7806}.Debug|x86.Build.0 = Debug|Any CPU
		{94633A12-1B1D-4110-8BBD-63491A1C7806}.Release|Any CPU.ActiveCfg = Release|Any CPU
		{94633A12-1B1D-4110-8BBD-63491A1C7806}.Release|Any CPU.Build.0 = Release|Any CPU
		{94633A12-1B1D-4110-8BBD-63491A1C7806}.Release|x64.ActiveCfg = Release|Any CPU
		{94633A12-1B1D-4110-8BBD-63491A1C7806}.Release|x64.Build.0 = Release|Any CPU
		{94633A12-1B1D-4110-8BBD-63491A1C7806}.Release|x86.ActiveCfg = Release|Any CPU
		{94633A12-1B1D-4110-8BBD-63491A1C7806}.Release|x86.Build.0 = Release|Any CPU
	EndGlobalSection
	GlobalSection(SolutionProperties) = preSolution
		HideSolutionNode = FALSE
	EndGlobalSection
EndGlobal
